
Microsoft Visual Studio Solution File, Format Version 12.00
# Visual Studio 15
VisualStudioVersion = 15.0.28010.2026
MinimumVisualStudioVersion = 10.0.40219.1
Project("{FAE04EC0-301F-11D3-BF4B-00C04F79EFBC}") = "BOM_Importer", "BOM_Importer\BOM_Importer.csproj", "{F78A6B09-BE3B-420F-98F0-62DCD0BEAA8D}"
EndProject
Project("{FAE04EC0-301F-11D3-BF4B-00C04F79EFBC}") = "ODataExample", "rest-auth-example\ODataExample.csproj", "{16C398B4-12E7-4881-82F5-6821F4DAEED3}"
EndProject
Project("{FAE04EC0-301F-11D3-BF4B-00C04F79EFBC}") = "BOM_Importer_V2", "BOM_Importer_V2\BOM_Importer_V2.csproj", "{560B445B-46A2-4FCC-815B-B75F7E6633A2}"
EndProject
Project("{9A19103F-16F7-4668-BE54-9A1E7A4F7556}") = "UploadExample", "rest-upload-example\UploadExample.csproj", "{B815B70D-87E3-49E7-A447-857560FCDF51}"
EndProject
Global
	GlobalSection(SolutionConfigurationPlatforms) = preSolution
		Debug|Any CPU = Debug|Any CPU
		Release|Any CPU = Release|Any CPU
	EndGlobalSection
	GlobalSection(ProjectConfigurationPlatforms) = postSolution
		{F78A6B09-BE3B-420F-98F0-62DCD0BEAA8D}.Debug|Any CPU.ActiveCfg = Debug|Any CPU
		{F78A6B09-BE3B-420F-98F0-62DCD0BEAA8D}.Debug|Any CPU.Build.0 = Debug|Any CPU
		{F78A6B09-BE3B-420F-98F0-62DCD0BEAA8D}.Release|Any CPU.ActiveCfg = Release|Any CPU
		{F78A6B09-BE3B-420F-98F0-62DCD0BEAA8D}.Release|Any CPU.Build.0 = Release|Any CPU
		{16C398B4-12E7-4881-82F5-6821F4DAEED3}.Debug|Any CPU.ActiveCfg = Debug|Any CPU
		{16C398B4-12E7-4881-82F5-6821F4DAEED3}.Debug|Any CPU.Build.0 = Debug|Any CPU
		{16C398B4-12E7-4881-82F5-6821F4DAEED3}.Release|Any CPU.ActiveCfg = Release|Any CPU
		{16C398B4-12E7-4881-82F5-6821F4DAEED3}.Release|Any CPU.Build.0 = Release|Any CPU
		{560B445B-46A2-4FCC-815B-B75F7E6633A2}.Debug|Any CPU.ActiveCfg = Debug|Any CPU
		{560B445B-46A2-4FCC-815B-B75F7E6633A2}.Debug|Any CPU.Build.0 = Debug|Any CPU
		{560B445B-46A2-4FCC-815B-B75F7E6633A2}.Release|Any CPU.ActiveCfg = Release|Any CPU
		{560B445B-46A2-4FCC-815B-B75F7E6633A2}.Release|Any CPU.Build.0 = Release|Any CPU
		{B815B70D-87E3-49E7-A447-857560FCDF51}.Debug|Any CPU.ActiveCfg = Debug|Any CPU
		{B815B70D-87E3-49E7-A447-857560FCDF51}.Debug|Any CPU.Build.0 = Debug|Any CPU
		{B815B70D-87E3-49E7-A447-857560FCDF51}.Release|Any CPU.ActiveCfg = Release|Any CPU
		{B815B70D-87E3-49E7-A447-857560FCDF51}.Release|Any CPU.Build.0 = Release|Any CPU
	EndGlobalSection
	GlobalSection(SolutionProperties) = preSolution
		HideSolutionNode = FALSE
	EndGlobalSection
	GlobalSection(ExtensibilityGlobals) = postSolution
		SolutionGuid = {E4B895E1-52D6-4DA5-A61C-3EE10091C1A3}
	EndGlobalSection
EndGlobal
